
Microsoft Visual Studio Solution File, Format Version 12.00
# Visual Studio Version 17
VisualStudioVersion = 17.12.35527.113
MinimumVisualStudioVersion = 10.0.40219.1
Project("{FAE04EC0-301F-11D3-BF4B-00C04F79EFBC}") = "HotelReservation.Api", "HotelReservation.Api\HotelReservation.Api.csproj", "{007D86EE-406C-4886-9FA7-67F061D34E0E}"
EndProject
Project("{FAE04EC0-301F-11D3-BF4B-00C04F79EFBC}") = "HotelReservation.Application", "HotelReservation.Application\HotelReservation.Application.csproj", "{0AF80153-5BC1-4F9D-B4BF-F8898A70802F}"
EndProject
Project("{FAE04EC0-301F-11D3-BF4B-00C04F79EFBC}") = "HotelReservation.Domain", "HotelReservation.Domain\HotelReservation.Domain.csproj", "{831BE730-A696-4140-89E3-D1B72C8F6122}"
EndProject
Project("{FAE04EC0-301F-11D3-BF4B-00C04F79EFBC}") = "HotelReservation.Infraestructure", "HotelReservation.Infraestructure\HotelReservation.Infraestructure.csproj", "{A441F409-D2C5-49E7-865D-4D926D66C714}"
EndProject
Project("{FAE04EC0-301F-11D3-BF4B-00C04F79EFBC}") = "HotelReservation.UnitTest", "HotelReservation.UnitTest\HotelReservation.UnitTest.csproj", "{98A6F994-23A2-44BB-B34E-17F66846B98F}"
EndProject
Project("{FAE04EC0-301F-11D3-BF4B-00C04F79EFBC}") = "Common", "Common\Common.csproj", "{FBCCF1B3-79A6-41B0-B086-DFE39816EFCE}"
EndProject
Project("{2150E333-8FDC-42A3-9474-1A3956D46DE8}") = "Solutions Items", "Solutions Items", "{4DDF1C5B-2492-4E0E-8009-BC1F7FF673A8}"
	ProjectSection(SolutionItems) = preProject
		Dockerfile = Dockerfile
		README.md = README.md
	EndProjectSection
EndProject
Global
	GlobalSection(SolutionConfigurationPlatforms) = preSolution
		Debug|Any CPU = Debug|Any CPU
		Release|Any CPU = Release|Any CPU
	EndGlobalSection
	GlobalSection(ProjectConfigurationPlatforms) = postSolution
		{007D86EE-406C-4886-9FA7-67F061D34E0E}.Debug|Any CPU.ActiveCfg = Debug|Any CPU
		{007D86EE-406C-4886-9FA7-67F061D34E0E}.Debug|Any CPU.Build.0 = Debug|Any CPU
		{007D86EE-406C-4886-9FA7-67F061D34E0E}.Release|Any CPU.ActiveCfg = Release|Any CPU
		{007D86EE-406C-4886-9FA7-67F061D34E0E}.Release|Any CPU.Build.0 = Release|Any CPU
		{0AF80153-5BC1-4F9D-B4BF-F8898A70802F}.Debug|Any CPU.ActiveCfg = Debug|Any CPU
		{0AF80153-5BC1-4F9D-B4BF-F8898A70802F}.Debug|Any CPU.Build.0 = Debug|Any CPU
		{0AF80153-5BC1-4F9D-B4BF-F8898A70802F}.Release|Any CPU.ActiveCfg = Release|Any CPU
		{0AF80153-5BC1-4F9D-B4BF-F8898A70802F}.Release|Any CPU.Build.0 = Release|Any CPU
		{831BE730-A696-4140-89E3-D1B72C8F6122}.Debug|Any CPU.ActiveCfg = Debug|Any CPU
		{831BE730-A696-4140-89E3-D1B72C8F6122}.Debug|Any CPU.Build.0 = Debug|Any CPU
		{831BE730-A696-4140-89E3-D1B72C8F6122}.Release|Any CPU.ActiveCfg = Release|Any CPU
		{831BE730-A696-4140-89E3-D1B72C8F6122}.Release|Any CPU.Build.0 = Release|Any CPU
		{A441F409-D2C5-49E7-865D-4D926D66C714}.Debug|Any CPU.ActiveCfg = Debug|Any CPU
		{A441F409-D2C5-49E7-865D-4D926D66C714}.Debug|Any CPU.Build.0 = Debug|Any CPU
		{A441F409-D2C5-49E7-865D-4D926D66C714}.Release|Any CPU.ActiveCfg = Release|Any CPU
		{A441F409-D2C5-49E7-865D-4D926D66C714}.Release|Any CPU.Build.0 = Release|Any CPU
		{98A6F994-23A2-44BB-B34E-17F66846B98F}.Debug|Any CPU.ActiveCfg = Debug|Any CPU
		{98A6F994-23A2-44BB-B34E-17F66846B98F}.Debug|Any CPU.Build.0 = Debug|Any CPU
		{98A6F994-23A2-44BB-B34E-17F66846B98F}.Release|Any CPU.ActiveCfg = Release|Any CPU
		{98A6F994-23A2-44BB-B34E-17F66846B98F}.Release|Any CPU.Build.0 = Release|Any CPU
		{FBCCF1B3-79A6-41B0-B086-DFE39816EFCE}.Debug|Any CPU.ActiveCfg = Debug|Any CPU
		{FBCCF1B3-79A6-41B0-B086-DFE39816EFCE}.Debug|Any CPU.Build.0 = Debug|Any CPU
		{FBCCF1B3-79A6-41B0-B086-DFE39816EFCE}.Release|Any CPU.ActiveCfg = Release|Any CPU
		{FBCCF1B3-79A6-41B0-B086-DFE39816EFCE}.Release|Any CPU.Build.0 = Release|Any CPU
	EndGlobalSection
	GlobalSection(SolutionProperties) = preSolution
		HideSolutionNode = FALSE
	EndGlobalSection
EndGlobal
